// !$*UTF8*$!
{
	archiveVersion = 1;
	classes = {
	};
	objectVersion = 54;
	objects = {

/* Begin PBXBuildFile section */
		090531F42676C6D9008211B3 /* AnnualListPage.swift in Sources */ = {isa = PBXBuildFile; fileRef = 090531F32676C6D9008211B3 /* AnnualListPage.swift */; };
		0909BAD12CC4985B00484517 /* LazyView.swift in Sources */ = {isa = PBXBuildFile; fileRef = 0909BAD02CC4985900484517 /* LazyView.swift */; };
		0927702E2CC5645600EF949F /* Extensions.swift in Sources */ = {isa = PBXBuildFile; fileRef = 0927702C2CC5645600EF949F /* Extensions.swift */; };
		092770302CC57A1B00EF949F /* LimitedTimeListPage.swift in Sources */ = {isa = PBXBuildFile; fileRef = 0927702F2CC57A1B00EF949F /* LimitedTimeListPage.swift */; };
		098A71CC26897E4B00DE0134 /* ProgressBarWrapped.swift in Sources */ = {isa = PBXBuildFile; fileRef = 098A71CB26897E4B00DE0134 /* ProgressBarWrapped.swift */; };
		09C2EE9F26751836009D992B /* MonthlyListPage.swift in Sources */ = {isa = PBXBuildFile; fileRef = 09C2EE9E26751836009D992B /* MonthlyListPage.swift */; };
		09CEE6F72CC6AC1A00893D74 /* SettingsView.swift in Sources */ = {isa = PBXBuildFile; fileRef = 09CEE6F62CC6AC1400893D74 /* SettingsView.swift */; };
		09DB186826785F13002203D1 /* SummaryPage.swift in Sources */ = {isa = PBXBuildFile; fileRef = 09DB186726785F13002203D1 /* SummaryPage.swift */; };
		09DB186A267860EB002203D1 /* ProgressBar.swift in Sources */ = {isa = PBXBuildFile; fileRef = 09DB1869267860EB002203D1 /* ProgressBar.swift */; };
		09DB186C267862D7002203D1 /* ProgressTileView.swift in Sources */ = {isa = PBXBuildFile; fileRef = 09DB186B267862D7002203D1 /* ProgressTileView.swift */; };
		09F6E3FF26744B4900F37EC9 /* CC_Rewards_TrackerApp.swift in Sources */ = {isa = PBXBuildFile; fileRef = 09F6E3FE26744B4900F37EC9 /* CC_Rewards_TrackerApp.swift */; };
		09F6E40126744B4900F37EC9 /* ListView.swift in Sources */ = {isa = PBXBuildFile; fileRef = 09F6E40026744B4900F37EC9 /* ListView.swift */; };
		09F6E40326744B4A00F37EC9 /* Assets.xcassets in Resources */ = {isa = PBXBuildFile; fileRef = 09F6E40226744B4A00F37EC9 /* Assets.xcassets */; };
		09F6E40626744B4A00F37EC9 /* Preview Assets.xcassets in Resources */ = {isa = PBXBuildFile; fileRef = 09F6E40526744B4A00F37EC9 /* Preview Assets.xcassets */; };
		09F6E40F26744C4200F37EC9 /* Rewards.xcdatamodeld in Sources */ = {isa = PBXBuildFile; fileRef = 09F6E40D26744C4200F37EC9 /* Rewards.xcdatamodeld */; };
		09F6E41126744E4900F37EC9 /* Persistence.swift in Sources */ = {isa = PBXBuildFile; fileRef = 09F6E41026744E4900F37EC9 /* Persistence.swift */; };
		09F6E416267459D600F37EC9 /* ListRowView.swift in Sources */ = {isa = PBXBuildFile; fileRef = 09F6E415267459D600F37EC9 /* ListRowView.swift */; };
		09F6E41A2674606500F37EC9 /* AddRewardPage.swift in Sources */ = {isa = PBXBuildFile; fileRef = 09F6E4192674606500F37EC9 /* AddRewardPage.swift */; };
		09F6E41C2674865500F37EC9 /* FullTabView.swift in Sources */ = {isa = PBXBuildFile; fileRef = 09F6E41B2674865500F37EC9 /* FullTabView.swift */; };
/* End PBXBuildFile section */

/* Begin PBXFileReference section */
		090531F32676C6D9008211B3 /* AnnualListPage.swift */ = {isa = PBXFileReference; lastKnownFileType = sourcecode.swift; path = AnnualListPage.swift; sourceTree = "<group>"; };
		0909BAD02CC4985900484517 /* LazyView.swift */ = {isa = PBXFileReference; lastKnownFileType = sourcecode.swift; path = LazyView.swift; sourceTree = "<group>"; };
		0927702C2CC5645600EF949F /* Extensions.swift */ = {isa = PBXFileReference; lastKnownFileType = sourcecode.swift; path = Extensions.swift; sourceTree = "<group>"; };
		0927702F2CC57A1B00EF949F /* LimitedTimeListPage.swift */ = {isa = PBXFileReference; lastKnownFileType = sourcecode.swift; path = LimitedTimeListPage.swift; sourceTree = "<group>"; };
		098A71CB26897E4B00DE0134 /* ProgressBarWrapped.swift */ = {isa = PBXFileReference; lastKnownFileType = sourcecode.swift; path = ProgressBarWrapped.swift; sourceTree = "<group>"; };
		09C2EE9E26751836009D992B /* MonthlyListPage.swift */ = {isa = PBXFileReference; lastKnownFileType = sourcecode.swift; path = MonthlyListPage.swift; sourceTree = "<group>"; };
		09CEE6F62CC6AC1400893D74 /* SettingsView.swift */ = {isa = PBXFileReference; lastKnownFileType = sourcecode.swift; path = SettingsView.swift; sourceTree = "<group>"; };
		09DB186726785F13002203D1 /* SummaryPage.swift */ = {isa = PBXFileReference; lastKnownFileType = sourcecode.swift; path = SummaryPage.swift; sourceTree = "<group>"; };
		09DB1869267860EB002203D1 /* ProgressBar.swift */ = {isa = PBXFileReference; lastKnownFileType = sourcecode.swift; path = ProgressBar.swift; sourceTree = "<group>"; };
		09DB186B267862D7002203D1 /* ProgressTileView.swift */ = {isa = PBXFileReference; lastKnownFileType = sourcecode.swift; path = ProgressTileView.swift; sourceTree = "<group>"; };
		09F6E3FB26744B4900F37EC9 /* CC Rewards Tracker.app */ = {isa = PBXFileReference; explicitFileType = wrapper.application; includeInIndex = 0; path = "CC Rewards Tracker.app"; sourceTree = BUILT_PRODUCTS_DIR; };
		09F6E3FE26744B4900F37EC9 /* CC_Rewards_TrackerApp.swift */ = {isa = PBXFileReference; lastKnownFileType = sourcecode.swift; path = CC_Rewards_TrackerApp.swift; sourceTree = "<group>"; };
		09F6E40026744B4900F37EC9 /* ListView.swift */ = {isa = PBXFileReference; lastKnownFileType = sourcecode.swift; path = ListView.swift; sourceTree = "<group>"; };
		09F6E40226744B4A00F37EC9 /* Assets.xcassets */ = {isa = PBXFileReference; lastKnownFileType = folder.assetcatalog; path = Assets.xcassets; sourceTree = "<group>"; };
		09F6E40526744B4A00F37EC9 /* Preview Assets.xcassets */ = {isa = PBXFileReference; lastKnownFileType = folder.assetcatalog; path = "Preview Assets.xcassets"; sourceTree = "<group>"; };
		09F6E40726744B4A00F37EC9 /* Info.plist */ = {isa = PBXFileReference; lastKnownFileType = text.plist.xml; path = Info.plist; sourceTree = "<group>"; };
		09F6E40E26744C4200F37EC9 /* Rewards.xcdatamodel */ = {isa = PBXFileReference; lastKnownFileType = wrapper.xcdatamodel; path = Rewards.xcdatamodel; sourceTree = "<group>"; };
		09F6E41026744E4900F37EC9 /* Persistence.swift */ = {isa = PBXFileReference; lastKnownFileType = sourcecode.swift; path = Persistence.swift; sourceTree = "<group>"; };
		09F6E415267459D600F37EC9 /* ListRowView.swift */ = {isa = PBXFileReference; lastKnownFileType = sourcecode.swift; path = ListRowView.swift; sourceTree = "<group>"; };
		09F6E4192674606500F37EC9 /* AddRewardPage.swift */ = {isa = PBXFileReference; lastKnownFileType = sourcecode.swift; path = AddRewardPage.swift; sourceTree = "<group>"; };
		09F6E41B2674865500F37EC9 /* FullTabView.swift */ = {isa = PBXFileReference; lastKnownFileType = sourcecode.swift; path = FullTabView.swift; sourceTree = "<group>"; };
/* End PBXFileReference section */

/* Begin PBXFrameworksBuildPhase section */
		09F6E3F826744B4900F37EC9 /* Frameworks */ = {
			isa = PBXFrameworksBuildPhase;
			buildActionMask = 2147483647;
			files = (
			);
			runOnlyForDeploymentPostprocessing = 0;
		};
/* End PBXFrameworksBuildPhase section */

/* Begin PBXGroup section */
		0927702D2CC5645600EF949F /* Extensions */ = {
			isa = PBXGroup;
			children = (
				0927702C2CC5645600EF949F /* Extensions.swift */,
			);
			path = Extensions;
			sourceTree = "<group>";
		};
		09B10044277795E000098488 /* Pages */ = {
			isa = PBXGroup;
			children = (
				09C2EE9E26751836009D992B /* MonthlyListPage.swift */,
				090531F32676C6D9008211B3 /* AnnualListPage.swift */,
				0927702F2CC57A1B00EF949F /* LimitedTimeListPage.swift */,
				09F6E4192674606500F37EC9 /* AddRewardPage.swift */,
				09DB186726785F13002203D1 /* SummaryPage.swift */,
			);
			path = Pages;
			sourceTree = "<group>";
		};
		09B100452777963100098488 /* Components */ = {
			isa = PBXGroup;
			children = (
				098A71CB26897E4B00DE0134 /* ProgressBarWrapped.swift */,
				09DB1869267860EB002203D1 /* ProgressBar.swift */,
			);
			path = Components;
			sourceTree = "<group>";
		};
		09F6E3F226744B4900F37EC9 = {
			isa = PBXGroup;
			children = (
				09F6E3FD26744B4900F37EC9 /* CC Rewards Tracker */,
				09F6E3FC26744B4900F37EC9 /* Products */,
			);
			sourceTree = "<group>";
		};
		09F6E3FC26744B4900F37EC9 /* Products */ = {
			isa = PBXGroup;
			children = (
				09F6E3FB26744B4900F37EC9 /* CC Rewards Tracker.app */,
			);
			name = Products;
			sourceTree = "<group>";
		};
		09F6E3FD26744B4900F37EC9 /* CC Rewards Tracker */ = {
			isa = PBXGroup;
			children = (
				0927702D2CC5645600EF949F /* Extensions */,
				09B100452777963100098488 /* Components */,
				09B10044277795E000098488 /* Pages */,
				09F6E4142674598800F37EC9 /* Views */,
				09F6E3FE26744B4900F37EC9 /* CC_Rewards_TrackerApp.swift */,
				09F6E41026744E4900F37EC9 /* Persistence.swift */,
				09F6E40D26744C4200F37EC9 /* Rewards.xcdatamodeld */,
				09F6E40226744B4A00F37EC9 /* Assets.xcassets */,
				09F6E40726744B4A00F37EC9 /* Info.plist */,
				09F6E40426744B4A00F37EC9 /* Preview Content */,
			);
			path = "CC Rewards Tracker";
			sourceTree = "<group>";
		};
		09F6E40426744B4A00F37EC9 /* Preview Content */ = {
			isa = PBXGroup;
			children = (
				09F6E40526744B4A00F37EC9 /* Preview Assets.xcassets */,
			);
			path = "Preview Content";
			sourceTree = "<group>";
		};
		09F6E4142674598800F37EC9 /* Views */ = {
			isa = PBXGroup;
			children = (
				09CEE6F62CC6AC1400893D74 /* SettingsView.swift */,
				09F6E41B2674865500F37EC9 /* FullTabView.swift */,
				0909BAD02CC4985900484517 /* LazyView.swift */,
				09F6E40026744B4900F37EC9 /* ListView.swift */,
				09F6E415267459D600F37EC9 /* ListRowView.swift */,
				09DB186B267862D7002203D1 /* ProgressTileView.swift */,
			);
			path = Views;
			sourceTree = "<group>";
		};
/* End PBXGroup section */

/* Begin PBXNativeTarget section */
		09F6E3FA26744B4900F37EC9 /* CC Rewards Tracker */ = {
			isa = PBXNativeTarget;
			buildConfigurationList = 09F6E40A26744B4A00F37EC9 /* Build configuration list for PBXNativeTarget "CC Rewards Tracker" */;
			buildPhases = (
				09F6E3F726744B4900F37EC9 /* Sources */,
				09F6E3F826744B4900F37EC9 /* Frameworks */,
				09F6E3F926744B4900F37EC9 /* Resources */,
			);
			buildRules = (
			);
			dependencies = (
			);
			name = "CC Rewards Tracker";
			productName = "Amex Rewards Tracker";
			productReference = 09F6E3FB26744B4900F37EC9 /* CC Rewards Tracker.app */;
			productType = "com.apple.product-type.application";
		};
/* End PBXNativeTarget section */

/* Begin PBXProject section */
		09F6E3F326744B4900F37EC9 /* Project object */ = {
			isa = PBXProject;
			attributes = {
				BuildIndependentTargetsInParallel = YES;
				LastSwiftUpdateCheck = 1250;
				LastUpgradeCheck = 1510;
				TargetAttributes = {
					09F6E3FA26744B4900F37EC9 = {
						CreatedOnToolsVersion = 12.5;
					};
				};
			};
			buildConfigurationList = 09F6E3F626744B4900F37EC9 /* Build configuration list for PBXProject "CC Rewards Tracker" */;
			compatibilityVersion = "Xcode 9.3";
			developmentRegion = en;
			hasScannedForEncodings = 0;
			knownRegions = (
				en,
				Base,
			);
			mainGroup = 09F6E3F226744B4900F37EC9;
			productRefGroup = 09F6E3FC26744B4900F37EC9 /* Products */;
			projectDirPath = "";
			projectRoot = "";
			targets = (
				09F6E3FA26744B4900F37EC9 /* CC Rewards Tracker */,
			);
		};
/* End PBXProject section */

/* Begin PBXResourcesBuildPhase section */
		09F6E3F926744B4900F37EC9 /* Resources */ = {
			isa = PBXResourcesBuildPhase;
			buildActionMask = 2147483647;
			files = (
				09F6E40626744B4A00F37EC9 /* Preview Assets.xcassets in Resources */,
				09F6E40326744B4A00F37EC9 /* Assets.xcassets in Resources */,
			);
			runOnlyForDeploymentPostprocessing = 0;
		};
/* End PBXResourcesBuildPhase section */

/* Begin PBXSourcesBuildPhase section */
		09F6E3F726744B4900F37EC9 /* Sources */ = {
			isa = PBXSourcesBuildPhase;
			buildActionMask = 2147483647;
			files = (
				09F6E40126744B4900F37EC9 /* ListView.swift in Sources */,
				09DB186A267860EB002203D1 /* ProgressBar.swift in Sources */,
				09F6E41126744E4900F37EC9 /* Persistence.swift in Sources */,
				0909BAD12CC4985B00484517 /* LazyView.swift in Sources */,
				098A71CC26897E4B00DE0134 /* ProgressBarWrapped.swift in Sources */,
				09CEE6F72CC6AC1A00893D74 /* SettingsView.swift in Sources */,
				09F6E416267459D600F37EC9 /* ListRowView.swift in Sources */,
				09F6E41A2674606500F37EC9 /* AddRewardPage.swift in Sources */,
				090531F42676C6D9008211B3 /* AnnualListPage.swift in Sources */,
				09F6E41C2674865500F37EC9 /* FullTabView.swift in Sources */,
				09F6E3FF26744B4900F37EC9 /* CC_Rewards_TrackerApp.swift in Sources */,
				0927702E2CC5645600EF949F /* Extensions.swift in Sources */,
				092770302CC57A1B00EF949F /* LimitedTimeListPage.swift in Sources */,
				09DB186826785F13002203D1 /* SummaryPage.swift in Sources */,
				09C2EE9F26751836009D992B /* MonthlyListPage.swift in Sources */,
				09F6E40F26744C4200F37EC9 /* Rewards.xcdatamodeld in Sources */,
				09DB186C267862D7002203D1 /* ProgressTileView.swift in Sources */,
			);
			runOnlyForDeploymentPostprocessing = 0;
		};
/* End PBXSourcesBuildPhase section */

/* Begin XCBuildConfiguration section */
		09F6E40826744B4A00F37EC9 /* Debug */ = {
			isa = XCBuildConfiguration;
			buildSettings = {
				ALWAYS_SEARCH_USER_PATHS = NO;
				ASSETCATALOG_COMPILER_GENERATE_SWIFT_ASSET_SYMBOL_EXTENSIONS = YES;
				CLANG_ANALYZER_NONNULL = YES;
				CLANG_ANALYZER_NUMBER_OBJECT_CONVERSION = YES_AGGRESSIVE;
				CLANG_CXX_LANGUAGE_STANDARD = "gnu++14";
				CLANG_CXX_LIBRARY = "libc++";
				CLANG_ENABLE_MODULES = YES;
				CLANG_ENABLE_OBJC_ARC = YES;
				CLANG_ENABLE_OBJC_WEAK = YES;
				CLANG_WARN_BLOCK_CAPTURE_AUTORELEASING = YES;
				CLANG_WARN_BOOL_CONVERSION = YES;
				CLANG_WARN_COMMA = YES;
				CLANG_WARN_CONSTANT_CONVERSION = YES;
				CLANG_WARN_DEPRECATED_OBJC_IMPLEMENTATIONS = YES;
				CLANG_WARN_DIRECT_OBJC_ISA_USAGE = YES_ERROR;
				CLANG_WARN_DOCUMENTATION_COMMENTS = YES;
				CLANG_WARN_EMPTY_BODY = YES;
				CLANG_WARN_ENUM_CONVERSION = YES;
				CLANG_WARN_INFINITE_RECURSION = YES;
				CLANG_WARN_INT_CONVERSION = YES;
				CLANG_WARN_NON_LITERAL_NULL_CONVERSION = YES;
				CLANG_WARN_OBJC_IMPLICIT_RETAIN_SELF = YES;
				CLANG_WARN_OBJC_LITERAL_CONVERSION = YES;
				CLANG_WARN_OBJC_ROOT_CLASS = YES_ERROR;
				CLANG_WARN_QUOTED_INCLUDE_IN_FRAMEWORK_HEADER = YES;
				CLANG_WARN_RANGE_LOOP_ANALYSIS = YES;
				CLANG_WARN_STRICT_PROTOTYPES = YES;
				CLANG_WARN_SUSPICIOUS_MOVE = YES;
				CLANG_WARN_UNGUARDED_AVAILABILITY = YES_AGGRESSIVE;
				CLANG_WARN_UNREACHABLE_CODE = YES;
				CLANG_WARN__DUPLICATE_METHOD_MATCH = YES;
				COPY_PHASE_STRIP = NO;
				DEBUG_INFORMATION_FORMAT = dwarf;
				ENABLE_STRICT_OBJC_MSGSEND = YES;
				ENABLE_TESTABILITY = YES;
				ENABLE_USER_SCRIPT_SANDBOXING = YES;
				GCC_C_LANGUAGE_STANDARD = gnu11;
				GCC_DYNAMIC_NO_PIC = NO;
				GCC_NO_COMMON_BLOCKS = YES;
				GCC_OPTIMIZATION_LEVEL = 0;
				GCC_PREPROCESSOR_DEFINITIONS = (
					"DEBUG=1",
					"$(inherited)",
				);
				GCC_WARN_64_TO_32_BIT_CONVERSION = YES;
				GCC_WARN_ABOUT_RETURN_TYPE = YES_ERROR;
				GCC_WARN_UNDECLARED_SELECTOR = YES;
				GCC_WARN_UNINITIALIZED_AUTOS = YES_AGGRESSIVE;
				GCC_WARN_UNUSED_FUNCTION = YES;
				GCC_WARN_UNUSED_VARIABLE = YES;
				INFOPLIST_KEY_CFBundleDisplayName = "CC Rewards";
				IPHONEOS_DEPLOYMENT_TARGET = 16.4;
				MTL_ENABLE_DEBUG_INFO = INCLUDE_SOURCE;
				MTL_FAST_MATH = YES;
				ONLY_ACTIVE_ARCH = YES;
				SDKROOT = iphoneos;
				SWIFT_ACTIVE_COMPILATION_CONDITIONS = DEBUG;
				SWIFT_OPTIMIZATION_LEVEL = "-Onone";
			};
			name = Debug;
		};
		09F6E40926744B4A00F37EC9 /* Release */ = {
			isa = XCBuildConfiguration;
			buildSettings = {
				ALWAYS_SEARCH_USER_PATHS = NO;
				ASSETCATALOG_COMPILER_GENERATE_SWIFT_ASSET_SYMBOL_EXTENSIONS = YES;
				CLANG_ANALYZER_NONNULL = YES;
				CLANG_ANALYZER_NUMBER_OBJECT_CONVERSION = YES_AGGRESSIVE;
				CLANG_CXX_LANGUAGE_STANDARD = "gnu++14";
				CLANG_CXX_LIBRARY = "libc++";
				CLANG_ENABLE_MODULES = YES;
				CLANG_ENABLE_OBJC_ARC = YES;
				CLANG_ENABLE_OBJC_WEAK = YES;
				CLANG_WARN_BLOCK_CAPTURE_AUTORELEASING = YES;
				CLANG_WARN_BOOL_CONVERSION = YES;
				CLANG_WARN_COMMA = YES;
				CLANG_WARN_CONSTANT_CONVERSION = YES;
				CLANG_WARN_DEPRECATED_OBJC_IMPLEMENTATIONS = YES;
				CLANG_WARN_DIRECT_OBJC_ISA_USAGE = YES_ERROR;
				CLANG_WARN_DOCUMENTATION_COMMENTS = YES;
				CLANG_WARN_EMPTY_BODY = YES;
				CLANG_WARN_ENUM_CONVERSION = YES;
				CLANG_WARN_INFINITE_RECURSION = YES;
				CLANG_WARN_INT_CONVERSION = YES;
				CLANG_WARN_NON_LITERAL_NULL_CONVERSION = YES;
				CLANG_WARN_OBJC_IMPLICIT_RETAIN_SELF = YES;
				CLANG_WARN_OBJC_LITERAL_CONVERSION = YES;
				CLANG_WARN_OBJC_ROOT_CLASS = YES_ERROR;
				CLANG_WARN_QUOTED_INCLUDE_IN_FRAMEWORK_HEADER = YES;
				CLANG_WARN_RANGE_LOOP_ANALYSIS = YES;
				CLANG_WARN_STRICT_PROTOTYPES = YES;
				CLANG_WARN_SUSPICIOUS_MOVE = YES;
				CLANG_WARN_UNGUARDED_AVAILABILITY = YES_AGGRESSIVE;
				CLANG_WARN_UNREACHABLE_CODE = YES;
				CLANG_WARN__DUPLICATE_METHOD_MATCH = YES;
				COPY_PHASE_STRIP = NO;
				DEBUG_INFORMATION_FORMAT = "dwarf-with-dsym";
				ENABLE_NS_ASSERTIONS = NO;
				ENABLE_STRICT_OBJC_MSGSEND = YES;
				ENABLE_USER_SCRIPT_SANDBOXING = YES;
				GCC_C_LANGUAGE_STANDARD = gnu11;
				GCC_NO_COMMON_BLOCKS = YES;
				GCC_WARN_64_TO_32_BIT_CONVERSION = YES;
				GCC_WARN_ABOUT_RETURN_TYPE = YES_ERROR;
				GCC_WARN_UNDECLARED_SELECTOR = YES;
				GCC_WARN_UNINITIALIZED_AUTOS = YES_AGGRESSIVE;
				GCC_WARN_UNUSED_FUNCTION = YES;
				GCC_WARN_UNUSED_VARIABLE = YES;
				INFOPLIST_KEY_CFBundleDisplayName = "CC Rewards";
				IPHONEOS_DEPLOYMENT_TARGET = 16.4;
				MTL_ENABLE_DEBUG_INFO = NO;
				MTL_FAST_MATH = YES;
				SDKROOT = iphoneos;
				SWIFT_COMPILATION_MODE = wholemodule;
				SWIFT_OPTIMIZATION_LEVEL = "-O";
				VALIDATE_PRODUCT = YES;
			};
			name = Release;
		};
		09F6E40B26744B4A00F37EC9 /* Debug */ = {
			isa = XCBuildConfiguration;
			buildSettings = {
				ASSETCATALOG_COMPILER_APPICON_NAME = AppIcon;
				ASSETCATALOG_COMPILER_GLOBAL_ACCENT_COLOR_NAME = AccentColor;
				CODE_SIGN_STYLE = Automatic;
				DEVELOPMENT_ASSET_PATHS = "";
				DEVELOPMENT_TEAM = 9KD2BDVC27;
				ENABLE_PREVIEWS = YES;
				INFOPLIST_FILE = "CC Rewards Tracker/Info.plist";
				INFOPLIST_KEY_LSApplicationCategoryType = "public.app-category.finance";
				IPHONEOS_DEPLOYMENT_TARGET = 16.4;
				LD_RUNPATH_SEARCH_PATHS = (
					"$(inherited)",
					"@executable_path/Frameworks",
				);
				PRODUCT_BUNDLE_IDENTIFIER = "com.danielluo.CC-Rewards-Tracker";
				PRODUCT_NAME = "$(TARGET_NAME)";
				SWIFT_VERSION = 5.0;
				TARGETED_DEVICE_FAMILY = 1;
			};
			name = Debug;
		};
		09F6E40C26744B4A00F37EC9 /* Release */ = {
			isa = XCBuildConfiguration;
			buildSettings = {
				ASSETCATALOG_COMPILER_APPICON_NAME = AppIcon;
				ASSETCATALOG_COMPILER_GLOBAL_ACCENT_COLOR_NAME = AccentColor;
				CODE_SIGN_STYLE = Automatic;
				DEVELOPMENT_ASSET_PATHS = "";
				DEVELOPMENT_TEAM = 9KD2BDVC27;
				ENABLE_PREVIEWS = YES;
				INFOPLIST_FILE = "CC Rewards Tracker/Info.plist";
				INFOPLIST_KEY_LSApplicationCategoryType = "public.app-category.finance";
				IPHONEOS_DEPLOYMENT_TARGET = 16.4;
				LD_RUNPATH_SEARCH_PATHS = (
					"$(inherited)",
					"@executable_path/Frameworks",
				);
				PRODUCT_BUNDLE_IDENTIFIER = "com.danielluo.CC-Rewards-Tracker";
				PRODUCT_NAME = "$(TARGET_NAME)";
				SWIFT_VERSION = 5.0;
				TARGETED_DEVICE_FAMILY = 1;
			};
			name = Release;
		};
/* End XCBuildConfiguration section */

/* Begin XCConfigurationList section */
		09F6E3F626744B4900F37EC9 /* Build configuration list for PBXProject "CC Rewards Tracker" */ = {
			isa = XCConfigurationList;
			buildConfigurations = (
				09F6E40826744B4A00F37EC9 /* Debug */,
				09F6E40926744B4A00F37EC9 /* Release */,
			);
			defaultConfigurationIsVisible = 0;
			defaultConfigurationName = Release;
		};
		09F6E40A26744B4A00F37EC9 /* Build configuration list for PBXNativeTarget "CC Rewards Tracker" */ = {
			isa = XCConfigurationList;
			buildConfigurations = (
				09F6E40B26744B4A00F37EC9 /* Debug */,
				09F6E40C26744B4A00F37EC9 /* Release */,
			);
			defaultConfigurationIsVisible = 0;
			defaultConfigurationName = Release;
		};
/* End XCConfigurationList section */

/* Begin XCVersionGroup section */
		09F6E40D26744C4200F37EC9 /* Rewards.xcdatamodeld */ = {
			isa = XCVersionGroup;
			children = (
				09F6E40E26744C4200F37EC9 /* Rewards.xcdatamodel */,
			);
			currentVersion = 09F6E40E26744C4200F37EC9 /* Rewards.xcdatamodel */;
			path = Rewards.xcdatamodeld;
			sourceTree = "<group>";
			versionGroupType = wrapper.xcdatamodel;
		};
/* End XCVersionGroup section */
	};
	rootObject = 09F6E3F326744B4900F37EC9 /* Project object */;
}
